
Microsoft Visual Studio Solution File, Format Version 12.00
# Visual Studio 15
VisualStudioVersion = 15.0.27130.2024
MinimumVisualStudioVersion = 10.0.40219.1
Project("{9A19103F-16F7-4668-BE54-9A1E7A4F7556}") = "Exero.Api", "Exero.Api\Exero.Api.csproj", "{9C60E9CE-E5A2-49DF-A2A9-0D5D69700D39}"
EndProject
Project("{2150E333-8FDC-42A3-9474-1A3956D46DE8}") = "ProjectFiles", "ProjectFiles", "{6B72C861-3985-4BFA-8A98-0EFF546BDE43}"
	ProjectSection(SolutionItems) = preProject
		..\.gitattributes = ..\.gitattributes
		..\.gitignore = ..\.gitignore
		..\README.md = ..\README.md
	EndProjectSection
EndProject
Project("{FAE04EC0-301F-11D3-BF4B-00C04F79EFBC}") = "Exero.Test.Api", "Exero.Test.Api\Exero.Test.Api.csproj", "{DFC73086-0F3F-4287-8ED4-E7A200B2D775}"
EndProject
Global
	GlobalSection(SolutionConfigurationPlatforms) = preSolution
		Debug|Any CPU = Debug|Any CPU
		Release|Any CPU = Release|Any CPU
	EndGlobalSection
	GlobalSection(ProjectConfigurationPlatforms) = postSolution
		{9C60E9CE-E5A2-49DF-A2A9-0D5D69700D39}.Debug|Any CPU.ActiveCfg = Debug|Any CPU
		{9C60E9CE-E5A2-49DF-A2A9-0D5D69700D39}.Debug|Any CPU.Build.0 = Debug|Any CPU
		{9C60E9CE-E5A2-49DF-A2A9-0D5D69700D39}.Release|Any CPU.ActiveCfg = Release|Any CPU
		{9C60E9CE-E5A2-49DF-A2A9-0D5D69700D39}.Release|Any CPU.Build.0 = Release|Any CPU
		{DFC73086-0F3F-4287-8ED4-E7A200B2D775}.Debug|Any CPU.ActiveCfg = Debug|Any CPU
		{DFC73086-0F3F-4287-8ED4-E7A200B2D775}.Debug|Any CPU.Build.0 = Debug|Any CPU
		{DFC73086-0F3F-4287-8ED4-E7A200B2D775}.Release|Any CPU.ActiveCfg = Release|Any CPU
		{DFC73086-0F3F-4287-8ED4-E7A200B2D775}.Release|Any CPU.Build.0 = Release|Any CPU
	EndGlobalSection
	GlobalSection(SolutionProperties) = preSolution
		HideSolutionNode = FALSE
	EndGlobalSection
	GlobalSection(ExtensibilityGlobals) = postSolution
		SolutionGuid = {FF082E98-493D-4F30-88B9-A770D73E68BD}
	EndGlobalSection
EndGlobal
